
Microsoft Visual Studio Solution File, Format Version 12.00
# Visual Studio Version 17
VisualStudioVersion = 17.14.36414.22 d17.14
MinimumVisualStudioVersion = 10.0.40219.1
Project("{FAE04EC0-301F-11D3-BF4B-00C04F79EFBC}") = "Webnew", "Webnew\Webnew.csproj", "{8811679E-AE59-4550-B701-CBDD06C34D53}"
EndProject
Global
	GlobalSection(SolutionConfigurationPlatforms) = preSolution
		Debug|Any CPU = Debug|Any CPU
		Release|Any CPU = Release|Any CPU
	EndGlobalSection
	GlobalSection(ProjectConfigurationPlatforms) = postSolution
		{8811679E-AE59-4550-B701-CBDD06C34D53}.Debug|Any CPU.ActiveCfg = Debug|Any CPU
		{8811679E-AE59-4550-B701-CBDD06C34D53}.Debug|Any CPU.Build.0 = Debug|Any CPU
		{8811679E-AE59-4550-B701-CBDD06C34D53}.Release|Any CPU.ActiveCfg = Release|Any CPU
		{8811679E-AE59-4550-B701-CBDD06C34D53}.Release|Any CPU.Build.0 = Release|Any CPU
	EndGlobalSection
	GlobalSection(SolutionProperties) = preSolution
		HideSolutionNode = FALSE
	EndGlobalSection
	GlobalSection(ExtensibilityGlobals) = postSolution
		SolutionGuid = {365A25F1-65BB-4E61-B854-D2262557F014}
	EndGlobalSection
EndGlobal
